
Microsoft Visual Studio Solution File, Format Version 12.00
# Visual Studio Version 17
VisualStudioVersion = 17.5.002.0
MinimumVisualStudioVersion = 10.0.40219.1
Project("{9A19103F-16F7-4668-BE54-9A1E7A4F7556}") = "MiniSpace.Services.Reports.Api", "MiniSpace.Services.Reports.Api.csproj", "{C1F5B14B-217D-471E-8162-C31E99DCCCFE}"
EndProject
Global
	GlobalSection(SolutionConfigurationPlatforms) = preSolution
		Debug|Any CPU = Debug|Any CPU
		Release|Any CPU = Release|Any CPU
	EndGlobalSection
	GlobalSection(ProjectConfigurationPlatforms) = postSolution
		{C1F5B14B-217D-471E-8162-C31E99DCCCFE}.Debug|Any CPU.ActiveCfg = Debug|Any CPU
		{C1F5B14B-217D-471E-8162-C31E99DCCCFE}.Debug|Any CPU.Build.0 = Debug|Any CPU
		{C1F5B14B-217D-471E-8162-C31E99DCCCFE}.Release|Any CPU.ActiveCfg = Release|Any CPU
		{C1F5B14B-217D-471E-8162-C31E99DCCCFE}.Release|Any CPU.Build.0 = Release|Any CPU
	EndGlobalSection
	GlobalSection(SolutionProperties) = preSolution
		HideSolutionNode = FALSE
	EndGlobalSection
	GlobalSection(ExtensibilityGlobals) = postSolution
		SolutionGuid = {9CCDBBDB-662E-43C2-85F5-C3FDD0011793}
	EndGlobalSection
EndGlobal
