
Microsoft Visual Studio Solution File, Format Version 12.00
# Visual Studio Version 17
VisualStudioVersion = 17.5.002.0
MinimumVisualStudioVersion = 10.0.40219.1
Project("{9A19103F-16F7-4668-BE54-9A1E7A4F7556}") = "MiniSpace.Services.MediaFiles.Application", "MiniSpace.Services.MediaFiles.Application.csproj", "{49C91FD0-5542-46C6-A63B-14BD21A5C0A6}"
EndProject
Global
	GlobalSection(SolutionConfigurationPlatforms) = preSolution
		Debug|Any CPU = Debug|Any CPU
		Release|Any CPU = Release|Any CPU
	EndGlobalSection
	GlobalSection(ProjectConfigurationPlatforms) = postSolution
		{49C91FD0-5542-46C6-A63B-14BD21A5C0A6}.Debug|Any CPU.ActiveCfg = Debug|Any CPU
		{49C91FD0-5542-46C6-A63B-14BD21A5C0A6}.Debug|Any CPU.Build.0 = Debug|Any CPU
		{49C91FD0-5542-46C6-A63B-14BD21A5C0A6}.Release|Any CPU.ActiveCfg = Release|Any CPU
		{49C91FD0-5542-46C6-A63B-14BD21A5C0A6}.Release|Any CPU.Build.0 = Release|Any CPU
	EndGlobalSection
	GlobalSection(SolutionProperties) = preSolution
		HideSolutionNode = FALSE
	EndGlobalSection
	GlobalSection(ExtensibilityGlobals) = postSolution
		SolutionGuid = {B396083A-B979-4C46-A216-B34CFF5EDFE5}
	EndGlobalSection
EndGlobal
