
Microsoft Visual Studio Solution File, Format Version 12.00
# Visual Studio Version 17
VisualStudioVersion = 17.5.002.0
MinimumVisualStudioVersion = 10.0.40219.1
Project("{9A19103F-16F7-4668-BE54-9A1E7A4F7556}") = "MiniSpace.Services.Friends.Application", "MiniSpace.Services.Friends.Application.csproj", "{2EBCBB32-6132-4479-BC03-B65D1D5C45B2}"
EndProject
Global
	GlobalSection(SolutionConfigurationPlatforms) = preSolution
		Debug|Any CPU = Debug|Any CPU
		Release|Any CPU = Release|Any CPU
	EndGlobalSection
	GlobalSection(ProjectConfigurationPlatforms) = postSolution
		{2EBCBB32-6132-4479-BC03-B65D1D5C45B2}.Debug|Any CPU.ActiveCfg = Debug|Any CPU
		{2EBCBB32-6132-4479-BC03-B65D1D5C45B2}.Debug|Any CPU.Build.0 = Debug|Any CPU
		{2EBCBB32-6132-4479-BC03-B65D1D5C45B2}.Release|Any CPU.ActiveCfg = Release|Any CPU
		{2EBCBB32-6132-4479-BC03-B65D1D5C45B2}.Release|Any CPU.Build.0 = Release|Any CPU
	EndGlobalSection
	GlobalSection(SolutionProperties) = preSolution
		HideSolutionNode = FALSE
	EndGlobalSection
	GlobalSection(ExtensibilityGlobals) = postSolution
		SolutionGuid = {3467B78D-1A52-42C9-A65C-3D79D504C802}
	EndGlobalSection
EndGlobal
