
Microsoft Visual Studio Solution File, Format Version 12.00
# Visual Studio Version 17
VisualStudioVersion = 17.5.002.0
MinimumVisualStudioVersion = 10.0.40219.1
Project("{9A19103F-16F7-4668-BE54-9A1E7A4F7556}") = "MiniSpace.Services.Reactions.Application", "MiniSpace.Services.Reactions.Application.csproj", "{7D8CAD4A-6A98-4E03-AD46-8DEF9652BCF3}"
EndProject
Global
	GlobalSection(SolutionConfigurationPlatforms) = preSolution
		Debug|Any CPU = Debug|Any CPU
		Release|Any CPU = Release|Any CPU
	EndGlobalSection
	GlobalSection(ProjectConfigurationPlatforms) = postSolution
		{7D8CAD4A-6A98-4E03-AD46-8DEF9652BCF3}.Debug|Any CPU.ActiveCfg = Debug|Any CPU
		{7D8CAD4A-6A98-4E03-AD46-8DEF9652BCF3}.Debug|Any CPU.Build.0 = Debug|Any CPU
		{7D8CAD4A-6A98-4E03-AD46-8DEF9652BCF3}.Release|Any CPU.ActiveCfg = Release|Any CPU
		{7D8CAD4A-6A98-4E03-AD46-8DEF9652BCF3}.Release|Any CPU.Build.0 = Release|Any CPU
	EndGlobalSection
	GlobalSection(SolutionProperties) = preSolution
		HideSolutionNode = FALSE
	EndGlobalSection
	GlobalSection(ExtensibilityGlobals) = postSolution
		SolutionGuid = {F3890629-4A42-4965-A10A-D68346EFADF2}
	EndGlobalSection
EndGlobal
