
Microsoft Visual Studio Solution File, Format Version 12.00
# Visual Studio Version 17
VisualStudioVersion = 17.5.002.0
MinimumVisualStudioVersion = 10.0.40219.1
Project("{9A19103F-16F7-4668-BE54-9A1E7A4F7556}") = "MiniSpace.APIGateway.Ocelot", "MiniSpace.APIGateway.Ocelot.csproj", "{E4C288A3-FECD-4D56-AB1B-89A6A99CEDED}"
EndProject
Global
	GlobalSection(SolutionConfigurationPlatforms) = preSolution
		Debug|Any CPU = Debug|Any CPU
		Release|Any CPU = Release|Any CPU
	EndGlobalSection
	GlobalSection(ProjectConfigurationPlatforms) = postSolution
		{E4C288A3-FECD-4D56-AB1B-89A6A99CEDED}.Debug|Any CPU.ActiveCfg = Debug|Any CPU
		{E4C288A3-FECD-4D56-AB1B-89A6A99CEDED}.Debug|Any CPU.Build.0 = Debug|Any CPU
		{E4C288A3-FECD-4D56-AB1B-89A6A99CEDED}.Release|Any CPU.ActiveCfg = Release|Any CPU
		{E4C288A3-FECD-4D56-AB1B-89A6A99CEDED}.Release|Any CPU.Build.0 = Release|Any CPU
	EndGlobalSection
	GlobalSection(SolutionProperties) = preSolution
		HideSolutionNode = FALSE
	EndGlobalSection
	GlobalSection(ExtensibilityGlobals) = postSolution
		SolutionGuid = {E3133FAA-306C-4117-B0A5-20DD3DAAB8FD}
	EndGlobalSection
EndGlobal
