
Microsoft Visual Studio Solution File, Format Version 12.00
# Visual Studio Version 17
VisualStudioVersion = 17.5.002.0
MinimumVisualStudioVersion = 10.0.40219.1
Project("{9A19103F-16F7-4668-BE54-9A1E7A4F7556}") = "MiniSpace.Services.Students.Infrastructure", "MiniSpace.Services.Students.Infrastructure.csproj", "{10D8AAB6-B50A-491D-834D-F686917B9BF4}"
EndProject
Global
	GlobalSection(SolutionConfigurationPlatforms) = preSolution
		Debug|Any CPU = Debug|Any CPU
		Release|Any CPU = Release|Any CPU
	EndGlobalSection
	GlobalSection(ProjectConfigurationPlatforms) = postSolution
		{10D8AAB6-B50A-491D-834D-F686917B9BF4}.Debug|Any CPU.ActiveCfg = Debug|Any CPU
		{10D8AAB6-B50A-491D-834D-F686917B9BF4}.Debug|Any CPU.Build.0 = Debug|Any CPU
		{10D8AAB6-B50A-491D-834D-F686917B9BF4}.Release|Any CPU.ActiveCfg = Release|Any CPU
		{10D8AAB6-B50A-491D-834D-F686917B9BF4}.Release|Any CPU.Build.0 = Release|Any CPU
	EndGlobalSection
	GlobalSection(SolutionProperties) = preSolution
		HideSolutionNode = FALSE
	EndGlobalSection
	GlobalSection(ExtensibilityGlobals) = postSolution
		SolutionGuid = {27BD54BB-13EA-4A4E-889B-37FC528BA22B}
	EndGlobalSection
EndGlobal
