
Microsoft Visual Studio Solution File, Format Version 12.00
# Visual Studio Version 17
VisualStudioVersion = 17.0.31903.59
MinimumVisualStudioVersion = 10.0.40219.1
Project("{2150E333-8FDC-42A3-9474-1A3956D46DE8}") = "src", "src", "{0E976732-0CD9-4D2E-B989-998B124073BA}"
EndProject
Project("{9A19103F-16F7-4668-BE54-9A1E7A4F7556}") = "MiniSpace.Services.Students.Api", "src\MiniSpace.Services.Students.Api\MiniSpace.Services.Students.Api.csproj", "{D915BFB5-D2D4-44C8-A3A3-379419079F06}"
EndProject
Project("{9A19103F-16F7-4668-BE54-9A1E7A4F7556}") = "MiniSpace.Services.Students.Application", "src\MiniSpace.Services.Students.Application\MiniSpace.Services.Students.Application.csproj", "{97B39658-9B33-4124-90E5-102FDA7D3733}"
EndProject
Project("{9A19103F-16F7-4668-BE54-9A1E7A4F7556}") = "MiniSpace.Services.Students.Core", "src\MiniSpace.Services.Students.Core\MiniSpace.Services.Students.Core.csproj", "{C4EFD7FD-9D95-444B-86A4-E4D60E62CD16}"
EndProject
Project("{9A19103F-16F7-4668-BE54-9A1E7A4F7556}") = "MiniSpace.Services.Students.Infrastructure", "src\MiniSpace.Services.Students.Infrastructure\MiniSpace.Services.Students.Infrastructure.csproj", "{B2997BE8-0CE3-45DD-98E9-80599B070C25}"
EndProject
Project("{2150E333-8FDC-42A3-9474-1A3956D46DE8}") = "tests", "tests", "{528C500A-C485-4D95-AEF7-1F529EF17D1C}"
EndProject
Project("{9A19103F-16F7-4668-BE54-9A1E7A4F7556}") = "MiniSpace.Services.Students.Application.UnitTests", "tests\MiniSpace.Services.Students.Application.UnitTests\MiniSpace.Services.Students.Application.UnitTests.csproj", "{31558772-9EB8-4828-B980-FCAA80915207}"
EndProject
Project("{9A19103F-16F7-4668-BE54-9A1E7A4F7556}") = "MiniSpace.Services.Students.Core.UnitTests", "tests\MiniSpace.Services.Students.Core.UnitTests\MiniSpace.Services.Students.Core.UnitTests.csproj", "{D4F0BFD9-EAB6-4496-A82F-992EEDFD51E0}"
EndProject
Global
	GlobalSection(SolutionConfigurationPlatforms) = preSolution
		Debug|Any CPU = Debug|Any CPU
		Release|Any CPU = Release|Any CPU
	EndGlobalSection
	GlobalSection(ProjectConfigurationPlatforms) = postSolution
		{D915BFB5-D2D4-44C8-A3A3-379419079F06}.Debug|Any CPU.ActiveCfg = Debug|Any CPU
		{D915BFB5-D2D4-44C8-A3A3-379419079F06}.Debug|Any CPU.Build.0 = Debug|Any CPU
		{D915BFB5-D2D4-44C8-A3A3-379419079F06}.Release|Any CPU.ActiveCfg = Release|Any CPU
		{D915BFB5-D2D4-44C8-A3A3-379419079F06}.Release|Any CPU.Build.0 = Release|Any CPU
		{97B39658-9B33-4124-90E5-102FDA7D3733}.Debug|Any CPU.ActiveCfg = Debug|Any CPU
		{97B39658-9B33-4124-90E5-102FDA7D3733}.Debug|Any CPU.Build.0 = Debug|Any CPU
		{97B39658-9B33-4124-90E5-102FDA7D3733}.Release|Any CPU.ActiveCfg = Release|Any CPU
		{97B39658-9B33-4124-90E5-102FDA7D3733}.Release|Any CPU.Build.0 = Release|Any CPU
		{C4EFD7FD-9D95-444B-86A4-E4D60E62CD16}.Debug|Any CPU.ActiveCfg = Debug|Any CPU
		{C4EFD7FD-9D95-444B-86A4-E4D60E62CD16}.Debug|Any CPU.Build.0 = Debug|Any CPU
		{C4EFD7FD-9D95-444B-86A4-E4D60E62CD16}.Release|Any CPU.ActiveCfg = Release|Any CPU
		{C4EFD7FD-9D95-444B-86A4-E4D60E62CD16}.Release|Any CPU.Build.0 = Release|Any CPU
		{B2997BE8-0CE3-45DD-98E9-80599B070C25}.Debug|Any CPU.ActiveCfg = Debug|Any CPU
		{B2997BE8-0CE3-45DD-98E9-80599B070C25}.Debug|Any CPU.Build.0 = Debug|Any CPU
		{B2997BE8-0CE3-45DD-98E9-80599B070C25}.Release|Any CPU.ActiveCfg = Release|Any CPU
		{B2997BE8-0CE3-45DD-98E9-80599B070C25}.Release|Any CPU.Build.0 = Release|Any CPU
		{31558772-9EB8-4828-B980-FCAA80915207}.Debug|Any CPU.ActiveCfg = Debug|Any CPU
		{31558772-9EB8-4828-B980-FCAA80915207}.Debug|Any CPU.Build.0 = Debug|Any CPU
		{31558772-9EB8-4828-B980-FCAA80915207}.Release|Any CPU.ActiveCfg = Release|Any CPU
		{31558772-9EB8-4828-B980-FCAA80915207}.Release|Any CPU.Build.0 = Release|Any CPU
		{D4F0BFD9-EAB6-4496-A82F-992EEDFD51E0}.Debug|Any CPU.ActiveCfg = Debug|Any CPU
		{D4F0BFD9-EAB6-4496-A82F-992EEDFD51E0}.Debug|Any CPU.Build.0 = Debug|Any CPU
		{D4F0BFD9-EAB6-4496-A82F-992EEDFD51E0}.Release|Any CPU.ActiveCfg = Release|Any CPU
		{D4F0BFD9-EAB6-4496-A82F-992EEDFD51E0}.Release|Any CPU.Build.0 = Release|Any CPU
	EndGlobalSection
	GlobalSection(SolutionProperties) = preSolution
		HideSolutionNode = FALSE
	EndGlobalSection
	GlobalSection(NestedProjects) = preSolution
		{D915BFB5-D2D4-44C8-A3A3-379419079F06} = {0E976732-0CD9-4D2E-B989-998B124073BA}
		{97B39658-9B33-4124-90E5-102FDA7D3733} = {0E976732-0CD9-4D2E-B989-998B124073BA}
		{C4EFD7FD-9D95-444B-86A4-E4D60E62CD16} = {0E976732-0CD9-4D2E-B989-998B124073BA}
		{B2997BE8-0CE3-45DD-98E9-80599B070C25} = {0E976732-0CD9-4D2E-B989-998B124073BA}
		{31558772-9EB8-4828-B980-FCAA80915207} = {528C500A-C485-4D95-AEF7-1F529EF17D1C}
		{D4F0BFD9-EAB6-4496-A82F-992EEDFD51E0} = {528C500A-C485-4D95-AEF7-1F529EF17D1C}
	EndGlobalSection
	GlobalSection(ExtensibilityGlobals) = postSolution
		SolutionGuid = {8EC57175-70D6-4358-8087-CD0FE7A7A265}
	EndGlobalSection
EndGlobal
