
Microsoft Visual Studio Solution File, Format Version 12.00
# Visual Studio Version 17
VisualStudioVersion = 17.5.002.0
MinimumVisualStudioVersion = 10.0.40219.1
Project("{9A19103F-16F7-4668-BE54-9A1E7A4F7556}") = "MiniSpace.Services.Students.Application", "MiniSpace.Services.Students.Application.csproj", "{D40458B1-1641-441A-8B03-14D113FF10B1}"
EndProject
Global
	GlobalSection(SolutionConfigurationPlatforms) = preSolution
		Debug|Any CPU = Debug|Any CPU
		Release|Any CPU = Release|Any CPU
	EndGlobalSection
	GlobalSection(ProjectConfigurationPlatforms) = postSolution
		{D40458B1-1641-441A-8B03-14D113FF10B1}.Debug|Any CPU.ActiveCfg = Debug|Any CPU
		{D40458B1-1641-441A-8B03-14D113FF10B1}.Debug|Any CPU.Build.0 = Debug|Any CPU
		{D40458B1-1641-441A-8B03-14D113FF10B1}.Release|Any CPU.ActiveCfg = Release|Any CPU
		{D40458B1-1641-441A-8B03-14D113FF10B1}.Release|Any CPU.Build.0 = Release|Any CPU
	EndGlobalSection
	GlobalSection(SolutionProperties) = preSolution
		HideSolutionNode = FALSE
	EndGlobalSection
	GlobalSection(ExtensibilityGlobals) = postSolution
		SolutionGuid = {13CB57E2-9B33-4F5F-8688-CE9DFF796CAE}
	EndGlobalSection
EndGlobal
