
Microsoft Visual Studio Solution File, Format Version 12.00
# Visual Studio 15
VisualStudioVersion = 15.0.26124.0
MinimumVisualStudioVersion = 15.0.26124.0
Project("{2150E333-8FDC-42A3-9474-1A3956D46DE8}") = "src", "src", "{AB459B57-82A5-4DCB-8D58-6EE94D888F5F}"
EndProject
Project("{FAE04EC0-301F-11D3-BF4B-00C04F79EFBC}") = "Pacco.Services.Pricing.Api", "src\Pacco.Services.Pricing.Api\Pacco.Services.Pricing.Api.csproj", "{12318BCD-8E98-4C52-94E0-5A926038A50C}"
EndProject
Global
	GlobalSection(SolutionConfigurationPlatforms) = preSolution
		Debug|Any CPU = Debug|Any CPU
		Debug|x64 = Debug|x64
		Debug|x86 = Debug|x86
		Release|Any CPU = Release|Any CPU
		Release|x64 = Release|x64
		Release|x86 = Release|x86
	EndGlobalSection
	GlobalSection(SolutionProperties) = preSolution
		HideSolutionNode = FALSE
	EndGlobalSection
	GlobalSection(ProjectConfigurationPlatforms) = postSolution
		{12318BCD-8E98-4C52-94E0-5A926038A50C}.Debug|Any CPU.ActiveCfg = Debug|Any CPU
		{12318BCD-8E98-4C52-94E0-5A926038A50C}.Debug|Any CPU.Build.0 = Debug|Any CPU
		{12318BCD-8E98-4C52-94E0-5A926038A50C}.Debug|x64.ActiveCfg = Debug|Any CPU
		{12318BCD-8E98-4C52-94E0-5A926038A50C}.Debug|x64.Build.0 = Debug|Any CPU
		{12318BCD-8E98-4C52-94E0-5A926038A50C}.Debug|x86.ActiveCfg = Debug|Any CPU
		{12318BCD-8E98-4C52-94E0-5A926038A50C}.Debug|x86.Build.0 = Debug|Any CPU
		{12318BCD-8E98-4C52-94E0-5A926038A50C}.Release|Any CPU.ActiveCfg = Release|Any CPU
		{12318BCD-8E98-4C52-94E0-5A926038A50C}.Release|Any CPU.Build.0 = Release|Any CPU
		{12318BCD-8E98-4C52-94E0-5A926038A50C}.Release|x64.ActiveCfg = Release|Any CPU
		{12318BCD-8E98-4C52-94E0-5A926038A50C}.Release|x64.Build.0 = Release|Any CPU
		{12318BCD-8E98-4C52-94E0-5A926038A50C}.Release|x86.ActiveCfg = Release|Any CPU
		{12318BCD-8E98-4C52-94E0-5A926038A50C}.Release|x86.Build.0 = Release|Any CPU
	EndGlobalSection
	GlobalSection(NestedProjects) = preSolution
		{12318BCD-8E98-4C52-94E0-5A926038A50C} = {AB459B57-82A5-4DCB-8D58-6EE94D888F5F}
	EndGlobalSection
EndGlobal
