
Microsoft Visual Studio Solution File, Format Version 12.00
# Visual Studio Version 17
VisualStudioVersion = 17.5.002.0
MinimumVisualStudioVersion = 10.0.40219.1
Project("{9A19103F-16F7-4668-BE54-9A1E7A4F7556}") = "MiniSpace.Services.Organizations.Application", "MiniSpace.Services.Organizations.Application.csproj", "{4BC7A851-8F1E-4F8D-9C07-98D13B9C987F}"
EndProject
Global
	GlobalSection(SolutionConfigurationPlatforms) = preSolution
		Debug|Any CPU = Debug|Any CPU
		Release|Any CPU = Release|Any CPU
	EndGlobalSection
	GlobalSection(ProjectConfigurationPlatforms) = postSolution
		{4BC7A851-8F1E-4F8D-9C07-98D13B9C987F}.Debug|Any CPU.ActiveCfg = Debug|Any CPU
		{4BC7A851-8F1E-4F8D-9C07-98D13B9C987F}.Debug|Any CPU.Build.0 = Debug|Any CPU
		{4BC7A851-8F1E-4F8D-9C07-98D13B9C987F}.Release|Any CPU.ActiveCfg = Release|Any CPU
		{4BC7A851-8F1E-4F8D-9C07-98D13B9C987F}.Release|Any CPU.Build.0 = Release|Any CPU
	EndGlobalSection
	GlobalSection(SolutionProperties) = preSolution
		HideSolutionNode = FALSE
	EndGlobalSection
	GlobalSection(ExtensibilityGlobals) = postSolution
		SolutionGuid = {AB82124B-D867-448E-8A9D-3AC910D43536}
	EndGlobalSection
EndGlobal
