
Microsoft Visual Studio Solution File, Format Version 12.00
# Visual Studio Version 17
VisualStudioVersion = 17.5.002.0
MinimumVisualStudioVersion = 10.0.40219.1
Project("{9A19103F-16F7-4668-BE54-9A1E7A4F7556}") = "MiniSpace.Services.Events.Core", "MiniSpace.Services.Events.Core.csproj", "{F81614CE-5BD6-4047-A4C4-6A9DADBE8A25}"
EndProject
Global
	GlobalSection(SolutionConfigurationPlatforms) = preSolution
		Debug|Any CPU = Debug|Any CPU
		Release|Any CPU = Release|Any CPU
	EndGlobalSection
	GlobalSection(ProjectConfigurationPlatforms) = postSolution
		{F81614CE-5BD6-4047-A4C4-6A9DADBE8A25}.Debug|Any CPU.ActiveCfg = Debug|Any CPU
		{F81614CE-5BD6-4047-A4C4-6A9DADBE8A25}.Debug|Any CPU.Build.0 = Debug|Any CPU
		{F81614CE-5BD6-4047-A4C4-6A9DADBE8A25}.Release|Any CPU.ActiveCfg = Release|Any CPU
		{F81614CE-5BD6-4047-A4C4-6A9DADBE8A25}.Release|Any CPU.Build.0 = Release|Any CPU
	EndGlobalSection
	GlobalSection(SolutionProperties) = preSolution
		HideSolutionNode = FALSE
	EndGlobalSection
	GlobalSection(ExtensibilityGlobals) = postSolution
		SolutionGuid = {7BDB627C-3C4D-44A3-8EE6-1FA13124E296}
	EndGlobalSection
EndGlobal
