
Microsoft Visual Studio Solution File, Format Version 12.00
# Visual Studio Version 17
VisualStudioVersion = 17.5.002.0
MinimumVisualStudioVersion = 10.0.40219.1
Project("{9A19103F-16F7-4668-BE54-9A1E7A4F7556}") = "MiniSpace.Services.Posts.Infrastructure", "MiniSpace.Services.Posts.Infrastructure\MiniSpace.Services.Posts.Infrastructure.csproj", "{D7BA9084-525D-4C91-BED3-138F8AF70898}"
EndProject
Project("{9A19103F-16F7-4668-BE54-9A1E7A4F7556}") = "MiniSpace.Services.Posts.Core", "MiniSpace.Services.Posts.Core\MiniSpace.Services.Posts.Core.csproj", "{DB58A343-D580-4C2F-80CF-12A16348290C}"
EndProject
Project("{9A19103F-16F7-4668-BE54-9A1E7A4F7556}") = "MiniSpace.Services.Posts.Api", "MiniSpace.Services.Posts.Api\MiniSpace.Services.Posts.Api.csproj", "{244C16A3-6291-4FB8-925A-F1981A0B1EA3}"
EndProject
Project("{9A19103F-16F7-4668-BE54-9A1E7A4F7556}") = "MiniSpace.Services.Posts.Application", "MiniSpace.Services.Posts.Application\MiniSpace.Services.Posts.Application.csproj", "{4D79B5C0-6E85-44B6-9BF4-E36822BF711C}"
EndProject
Project("{9A19103F-16F7-4668-BE54-9A1E7A4F7556}") = "MiniSpace.Services.Posts.UnitTests", "MiniSpace.Services.Posts.UnitTests\MiniSpace.Services.Posts.UnitTests.csproj", "{26DA1AF1-E17D-47EB-B36A-C4C31E59B3D9}"
EndProject
Global
	GlobalSection(SolutionConfigurationPlatforms) = preSolution
		Debug|Any CPU = Debug|Any CPU
		Release|Any CPU = Release|Any CPU
	EndGlobalSection
	GlobalSection(ProjectConfigurationPlatforms) = postSolution
		{D7BA9084-525D-4C91-BED3-138F8AF70898}.Debug|Any CPU.ActiveCfg = Debug|Any CPU
		{D7BA9084-525D-4C91-BED3-138F8AF70898}.Debug|Any CPU.Build.0 = Debug|Any CPU
		{D7BA9084-525D-4C91-BED3-138F8AF70898}.Release|Any CPU.ActiveCfg = Release|Any CPU
		{D7BA9084-525D-4C91-BED3-138F8AF70898}.Release|Any CPU.Build.0 = Release|Any CPU
		{DB58A343-D580-4C2F-80CF-12A16348290C}.Debug|Any CPU.ActiveCfg = Debug|Any CPU
		{DB58A343-D580-4C2F-80CF-12A16348290C}.Debug|Any CPU.Build.0 = Debug|Any CPU
		{DB58A343-D580-4C2F-80CF-12A16348290C}.Release|Any CPU.ActiveCfg = Release|Any CPU
		{DB58A343-D580-4C2F-80CF-12A16348290C}.Release|Any CPU.Build.0 = Release|Any CPU
		{244C16A3-6291-4FB8-925A-F1981A0B1EA3}.Debug|Any CPU.ActiveCfg = Debug|Any CPU
		{244C16A3-6291-4FB8-925A-F1981A0B1EA3}.Debug|Any CPU.Build.0 = Debug|Any CPU
		{244C16A3-6291-4FB8-925A-F1981A0B1EA3}.Release|Any CPU.ActiveCfg = Release|Any CPU
		{244C16A3-6291-4FB8-925A-F1981A0B1EA3}.Release|Any CPU.Build.0 = Release|Any CPU
		{4D79B5C0-6E85-44B6-9BF4-E36822BF711C}.Debug|Any CPU.ActiveCfg = Debug|Any CPU
		{4D79B5C0-6E85-44B6-9BF4-E36822BF711C}.Debug|Any CPU.Build.0 = Debug|Any CPU
		{4D79B5C0-6E85-44B6-9BF4-E36822BF711C}.Release|Any CPU.ActiveCfg = Release|Any CPU
		{4D79B5C0-6E85-44B6-9BF4-E36822BF711C}.Release|Any CPU.Build.0 = Release|Any CPU
		{26DA1AF1-E17D-47EB-B36A-C4C31E59B3D9}.Debug|Any CPU.ActiveCfg = Debug|Any CPU
		{26DA1AF1-E17D-47EB-B36A-C4C31E59B3D9}.Debug|Any CPU.Build.0 = Debug|Any CPU
		{26DA1AF1-E17D-47EB-B36A-C4C31E59B3D9}.Release|Any CPU.ActiveCfg = Release|Any CPU
		{26DA1AF1-E17D-47EB-B36A-C4C31E59B3D9}.Release|Any CPU.Build.0 = Release|Any CPU
	EndGlobalSection
	GlobalSection(SolutionProperties) = preSolution
		HideSolutionNode = FALSE
	EndGlobalSection
	GlobalSection(ExtensibilityGlobals) = postSolution
		SolutionGuid = {866E7205-D441-4C90-BBBD-A17A73430189}
	EndGlobalSection
EndGlobal
