
Microsoft Visual Studio Solution File, Format Version 12.00
# Visual Studio Version 17
VisualStudioVersion = 17.0.31903.59
MinimumVisualStudioVersion = 10.0.40219.1
Project("{2150E333-8FDC-42A3-9474-1A3956D46DE8}") = "src", "src", "{E78E3850-ECCC-443C-B325-9F13D1639D46}"
EndProject
Project("{FAE04EC0-301F-11D3-BF4B-00C04F79EFBC}") = "MiniSpace.Services.Reactions.Api", "src\MiniSpace.Services.Reactions.Api\MiniSpace.Services.Reactions.Api.csproj", "{05081A01-8BBE-4BB3-931C-4F33F78A7571}"
EndProject
Project("{FAE04EC0-301F-11D3-BF4B-00C04F79EFBC}") = "MiniSpace.Services.Reactions.Application", "src\MiniSpace.Services.Reactions.Application\MiniSpace.Services.Reactions.Application.csproj", "{E122069F-329F-4400-8B3A-057BC704F5FC}"
EndProject
Project("{FAE04EC0-301F-11D3-BF4B-00C04F79EFBC}") = "MiniSpace.Services.Reactions.Core", "src\MiniSpace.Services.Reactions.Core\MiniSpace.Services.Reactions.Core.csproj", "{6B7F5638-AC31-482B-B806-D7AE537D0A10}"
EndProject
Project("{FAE04EC0-301F-11D3-BF4B-00C04F79EFBC}") = "MiniSpace.Services.Reactions.Infrastructure", "src\MiniSpace.Services.Reactions.Infrastructure\MiniSpace.Services.Reactions.Infrastructure.csproj", "{DC4D92C4-18F6-463B-BD20-C9BEE5F9267F}"
EndProject
Global
	GlobalSection(SolutionConfigurationPlatforms) = preSolution
		Debug|Any CPU = Debug|Any CPU
		Release|Any CPU = Release|Any CPU
	EndGlobalSection
	GlobalSection(SolutionProperties) = preSolution
		HideSolutionNode = FALSE
	EndGlobalSection
	GlobalSection(ProjectConfigurationPlatforms) = postSolution
		{05081A01-8BBE-4BB3-931C-4F33F78A7571}.Debug|Any CPU.ActiveCfg = Debug|Any CPU
		{05081A01-8BBE-4BB3-931C-4F33F78A7571}.Debug|Any CPU.Build.0 = Debug|Any CPU
		{05081A01-8BBE-4BB3-931C-4F33F78A7571}.Release|Any CPU.ActiveCfg = Release|Any CPU
		{05081A01-8BBE-4BB3-931C-4F33F78A7571}.Release|Any CPU.Build.0 = Release|Any CPU
		{E122069F-329F-4400-8B3A-057BC704F5FC}.Debug|Any CPU.ActiveCfg = Debug|Any CPU
		{E122069F-329F-4400-8B3A-057BC704F5FC}.Debug|Any CPU.Build.0 = Debug|Any CPU
		{E122069F-329F-4400-8B3A-057BC704F5FC}.Release|Any CPU.ActiveCfg = Release|Any CPU
		{E122069F-329F-4400-8B3A-057BC704F5FC}.Release|Any CPU.Build.0 = Release|Any CPU
		{6B7F5638-AC31-482B-B806-D7AE537D0A10}.Debug|Any CPU.ActiveCfg = Debug|Any CPU
		{6B7F5638-AC31-482B-B806-D7AE537D0A10}.Debug|Any CPU.Build.0 = Debug|Any CPU
		{6B7F5638-AC31-482B-B806-D7AE537D0A10}.Release|Any CPU.ActiveCfg = Release|Any CPU
		{6B7F5638-AC31-482B-B806-D7AE537D0A10}.Release|Any CPU.Build.0 = Release|Any CPU
		{DC4D92C4-18F6-463B-BD20-C9BEE5F9267F}.Debug|Any CPU.ActiveCfg = Debug|Any CPU
		{DC4D92C4-18F6-463B-BD20-C9BEE5F9267F}.Debug|Any CPU.Build.0 = Debug|Any CPU
		{DC4D92C4-18F6-463B-BD20-C9BEE5F9267F}.Release|Any CPU.ActiveCfg = Release|Any CPU
		{DC4D92C4-18F6-463B-BD20-C9BEE5F9267F}.Release|Any CPU.Build.0 = Release|Any CPU
	EndGlobalSection
	GlobalSection(NestedProjects) = preSolution
		{05081A01-8BBE-4BB3-931C-4F33F78A7571} = {E78E3850-ECCC-443C-B325-9F13D1639D46}
		{E122069F-329F-4400-8B3A-057BC704F5FC} = {E78E3850-ECCC-443C-B325-9F13D1639D46}
		{6B7F5638-AC31-482B-B806-D7AE537D0A10} = {E78E3850-ECCC-443C-B325-9F13D1639D46}
		{DC4D92C4-18F6-463B-BD20-C9BEE5F9267F} = {E78E3850-ECCC-443C-B325-9F13D1639D46}
	EndGlobalSection
EndGlobal
