
Microsoft Visual Studio Solution File, Format Version 12.00
# Visual Studio Version 17
VisualStudioVersion = 17.5.002.0
MinimumVisualStudioVersion = 10.0.40219.1
Project("{9A19103F-16F7-4668-BE54-9A1E7A4F7556}") = "MiniSpace.Services.Friends.Infrastructure", "MiniSpace.Services.Friends.Infrastructure.csproj", "{9969F9F2-D713-4756-BA28-5614326AFDED}"
EndProject
Global
	GlobalSection(SolutionConfigurationPlatforms) = preSolution
		Debug|Any CPU = Debug|Any CPU
		Release|Any CPU = Release|Any CPU
	EndGlobalSection
	GlobalSection(ProjectConfigurationPlatforms) = postSolution
		{9969F9F2-D713-4756-BA28-5614326AFDED}.Debug|Any CPU.ActiveCfg = Debug|Any CPU
		{9969F9F2-D713-4756-BA28-5614326AFDED}.Debug|Any CPU.Build.0 = Debug|Any CPU
		{9969F9F2-D713-4756-BA28-5614326AFDED}.Release|Any CPU.ActiveCfg = Release|Any CPU
		{9969F9F2-D713-4756-BA28-5614326AFDED}.Release|Any CPU.Build.0 = Release|Any CPU
	EndGlobalSection
	GlobalSection(SolutionProperties) = preSolution
		HideSolutionNode = FALSE
	EndGlobalSection
	GlobalSection(ExtensibilityGlobals) = postSolution
		SolutionGuid = {91A6AA2E-8591-445E-AE77-2E4B44E4E1DE}
	EndGlobalSection
EndGlobal
