
Microsoft Visual Studio Solution File, Format Version 12.00
# Visual Studio Version 17
VisualStudioVersion = 17.5.002.0
MinimumVisualStudioVersion = 10.0.40219.1
Project("{9A19103F-16F7-4668-BE54-9A1E7A4F7556}") = "MiniSpace.Services.Identity.Infrastructure.UnitTests", "MiniSpace.Services.Identity.Infrastructure.UnitTests.csproj", "{A93FC3B5-DDF6-4C0C-8105-BA855AC29CCD}"
EndProject
Global
	GlobalSection(SolutionConfigurationPlatforms) = preSolution
		Debug|Any CPU = Debug|Any CPU
		Release|Any CPU = Release|Any CPU
	EndGlobalSection
	GlobalSection(ProjectConfigurationPlatforms) = postSolution
		{A93FC3B5-DDF6-4C0C-8105-BA855AC29CCD}.Debug|Any CPU.ActiveCfg = Debug|Any CPU
		{A93FC3B5-DDF6-4C0C-8105-BA855AC29CCD}.Debug|Any CPU.Build.0 = Debug|Any CPU
		{A93FC3B5-DDF6-4C0C-8105-BA855AC29CCD}.Release|Any CPU.ActiveCfg = Release|Any CPU
		{A93FC3B5-DDF6-4C0C-8105-BA855AC29CCD}.Release|Any CPU.Build.0 = Release|Any CPU
	EndGlobalSection
	GlobalSection(SolutionProperties) = preSolution
		HideSolutionNode = FALSE
	EndGlobalSection
	GlobalSection(ExtensibilityGlobals) = postSolution
		SolutionGuid = {EEBD2815-FA20-40AB-BFE7-543D3A82FF85}
	EndGlobalSection
EndGlobal
